
Microsoft Visual Studio Solution File, Format Version 12.00
# Visual Studio Version 17
VisualStudioVersion = 17.14.36202.13 d17.14
MinimumVisualStudioVersion = 10.0.40219.1
Project("{8BC9CEB8-8B4A-11D0-8D11-00A0C91BC942}") = "Simple Animator", "Simple Animator\Simple Animator.vcxproj", "{8697A451-68DF-4EF8-9453-EEF8F80FD6A8}"
EndProject
Project("{2150E333-8FDC-42A3-9474-1A3956D46DE8}") = "external", "external", "{02EA681E-C7D8-13C7-8484-4AC65E1B71E8}"
	ProjectSection(SolutionItems) = preProject
		..\..\..\..\..\libraries\glad 4.6\src\glad.c = ..\..\..\..\..\libraries\glad 4.6\src\glad.c
	EndProjectSection
EndProject
Global
	GlobalSection(SolutionConfigurationPlatforms) = preSolution
		Debug|x64 = Debug|x64
		Debug|x86 = Debug|x86
		Release|x64 = Release|x64
		Release|x86 = Release|x86
	EndGlobalSection
	GlobalSection(ProjectConfigurationPlatforms) = postSolution
		{8697A451-68DF-4EF8-9453-EEF8F80FD6A8}.Debug|x64.ActiveCfg = Debug|x64
		{8697A451-68DF-4EF8-9453-EEF8F80FD6A8}.Debug|x64.Build.0 = Debug|x64
		{8697A451-68DF-4EF8-9453-EEF8F80FD6A8}.Debug|x86.ActiveCfg = Debug|Win32
		{8697A451-68DF-4EF8-9453-EEF8F80FD6A8}.Debug|x86.Build.0 = Debug|Win32
		{8697A451-68DF-4EF8-9453-EEF8F80FD6A8}.Release|x64.ActiveCfg = Release|x64
		{8697A451-68DF-4EF8-9453-EEF8F80FD6A8}.Release|x64.Build.0 = Release|x64
		{8697A451-68DF-4EF8-9453-EEF8F80FD6A8}.Release|x86.ActiveCfg = Release|Win32
		{8697A451-68DF-4EF8-9453-EEF8F80FD6A8}.Release|x86.Build.0 = Release|Win32
	EndGlobalSection
	GlobalSection(SolutionProperties) = preSolution
		HideSolutionNode = FALSE
	EndGlobalSection
	GlobalSection(ExtensibilityGlobals) = postSolution
		SolutionGuid = {9EABCA5D-DA79-41B2-8894-53DEBBE68B72}
	EndGlobalSection
EndGlobal
