<?xml version="1.0" encoding="utf-8"?>
<Project ToolsVersion="4.0" xmlns="http://schemas.microsoft.com/developer/msbuild/2003">
  <ItemGroup>
    <ClCompile Include="main.cpp" />
    <ClCompile Include="..\..\..\..\..\..\libraries\glad 4.6\src\glad.c" />
    <ClCompile Include="runtime.cpp">
      <Filter>runtime</Filter>
    </ClCompile>
    <ClCompile Include="window.cpp">
      <Filter>runtime\window</Filter>
    </ClCompile>
    <ClCompile Include="input.cpp">
      <Filter>runtime\input_events</Filter>
    </ClCompile>
    <ClCompile Include="updatable_object.cpp">
      <Filter>runtime\updatable_object</Filter>
    </ClCompile>
    <ClCompile Include="updatable_scene.cpp">
      <Filter>runtime\updatable_object</Filter>
    </ClCompile>
    <ClCompile Include="sdl_event_event_handler.h">
      <Filter>generic\event\sdl_event</Filter>
    </ClCompile>
    <ClCompile Include="sdl_event_event.h">
      <Filter>generic\event\sdl_event</Filter>
    </ClCompile>
    <ClCompile Include="window_handler_updatable_object.cpp">
      <Filter>runtime\updatable_object</Filter>
    </ClCompile>
  </ItemGroup>
  <ItemGroup>
    <Filter Include="generic">
      <UniqueIdentifier>{76af6fc7-7c5b-4e08-af90-08f1fcc50e04}</UniqueIdentifier>
    </Filter>
    <Filter Include="generic\event">
      <UniqueIdentifier>{63dd1f2b-7026-40f3-be80-08a31b0d7f8c}</UniqueIdentifier>
    </Filter>
    <Filter Include="generic\event\sdl_event">
      <UniqueIdentifier>{48568662-034e-4c3b-bc7f-8d81046f88ea}</UniqueIdentifier>
    </Filter>
    <Filter Include="runtime">
      <UniqueIdentifier>{889ff3fc-6771-42d0-b258-196d059c0833}</UniqueIdentifier>
    </Filter>
    <Filter Include="runtime\window">
      <UniqueIdentifier>{5c9626ec-c21e-4f51-a140-d3255ecd49af}</UniqueIdentifier>
    </Filter>
    <Filter Include="runtime\input_events">
      <UniqueIdentifier>{90b93553-82df-4231-9188-ad13c504924b}</UniqueIdentifier>
    </Filter>
    <Filter Include="runtime\updatable_object">
      <UniqueIdentifier>{3515a589-bca9-47c3-8cfe-b38d2082f336}</UniqueIdentifier>
    </Filter>
  </ItemGroup>
  <ItemGroup>
    <ClInclude Include="event.h">
      <Filter>generic\event</Filter>
    </ClInclude>
    <ClInclude Include="event_handler.h">
      <Filter>generic\event</Filter>
    </ClInclude>
    <ClInclude Include="runtime.h">
      <Filter>runtime</Filter>
    </ClInclude>
    <ClInclude Include="window.h">
      <Filter>runtime\window</Filter>
    </ClInclude>
    <ClInclude Include="input.h">
      <Filter>runtime\input_events</Filter>
    </ClInclude>
    <ClInclude Include="updatable_object.h">
      <Filter>runtime\updatable_object</Filter>
    </ClInclude>
    <ClInclude Include="updatable_scene.h">
      <Filter>runtime\updatable_object</Filter>
    </ClInclude>
    <ClInclude Include="window_handler_updatable_object.h">
      <Filter>runtime\updatable_object</Filter>
    </ClInclude>
  </ItemGroup>
  <ItemGroup>
    <Text Include="code_structure.txt" />
    <Text Include="about.txt" />
  </ItemGroup>
</Project>