<?xml version="1.0" encoding="utf-8"?>
<Project ToolsVersion="4.0" xmlns="http://schemas.microsoft.com/developer/msbuild/2003">
  <ItemGroup>
    <ClCompile Include="main.cpp" />
    <ClCompile Include="..\..\..\..\..\..\libraries\glad 4.6\src\glad.c" />
    <ClCompile Include="runtime.cpp">
      <Filter>runtime</Filter>
    </ClCompile>
    <ClCompile Include="window.cpp">
      <Filter>runtime\window</Filter>
    </ClCompile>
    <ClCompile Include="input.cpp">
      <Filter>runtime\input</Filter>
    </ClCompile>
    <ClCompile Include="updatable_object.cpp">
      <Filter>runtime\updatable_object</Filter>
    </ClCompile>
    <ClCompile Include="updatable_scene.cpp">
      <Filter>runtime\updatable_object</Filter>
    </ClCompile>
    <ClCompile Include="sdl_event_event_handler.h">
      <Filter>type\event\sdl_event</Filter>
    </ClCompile>
    <ClCompile Include="sdl_event_event.h">
      <Filter>type\event\sdl_event</Filter>
    </ClCompile>
    <ClCompile Include="window_handler_updatable_object.cpp">
      <Filter>runtime\updatable_object</Filter>
    </ClCompile>
    <ClCompile Include="server.cpp">
      <Filter>runtime\server</Filter>
    </ClCompile>
    <ClCompile Include="rendering_server.cpp">
      <Filter>runtime\server\rendering</Filter>
    </ClCompile>
    <ClCompile Include="rendering_server_updatable_object.cpp">
      <Filter>runtime\updatable_object\server</Filter>
    </ClCompile>
    <ClCompile Include="color.cpp">
      <Filter>type\color</Filter>
    </ClCompile>
    <ClCompile Include="rendering_server_utility.cpp">
      <Filter>runtime\server\rendering</Filter>
    </ClCompile>
    <ClCompile Include="mesh_builder.cpp">
      <Filter>type\render\mesh_builder</Filter>
    </ClCompile>
    <ClCompile Include="mesh_builder_attrib_set.cpp">
      <Filter>type\render\mesh_builder</Filter>
    </ClCompile>
    <ClCompile Include="vector_2.cpp">
      <Filter>type\math\vector</Filter>
    </ClCompile>
    <ClCompile Include="mesh_builder_attribute.cpp">
      <Filter>type\render\mesh_builder</Filter>
    </ClCompile>
    <ClCompile Include="debug_updatable_object.cpp">
      <Filter>runtime\updatable_object\playground</Filter>
    </ClCompile>
    <ClCompile Include="matrix_4.cpp">
      <Filter>type\math\matrix</Filter>
    </ClCompile>
    <ClCompile Include="material.cpp">
      <Filter>type\render\material</Filter>
    </ClCompile>
    <ClCompile Include="material_standard_2d.cpp">
      <Filter>type\render\material</Filter>
    </ClCompile>
    <ClCompile Include="material_batch.cpp">
      <Filter>type\render\material_batch</Filter>
    </ClCompile>
    <ClCompile Include="material_batch_standard_2d.cpp">
      <Filter>type\render\material_batch</Filter>
    </ClCompile>
    <ClCompile Include="mesh_buffer.cpp">
      <Filter>type\render\mesh_buffer</Filter>
    </ClCompile>
  </ItemGroup>
  <ItemGroup>
    <Filter Include="runtime">
      <UniqueIdentifier>{889ff3fc-6771-42d0-b258-196d059c0833}</UniqueIdentifier>
    </Filter>
    <Filter Include="runtime\window">
      <UniqueIdentifier>{5c9626ec-c21e-4f51-a140-d3255ecd49af}</UniqueIdentifier>
    </Filter>
    <Filter Include="runtime\updatable_object">
      <UniqueIdentifier>{3515a589-bca9-47c3-8cfe-b38d2082f336}</UniqueIdentifier>
    </Filter>
    <Filter Include="runtime\server">
      <UniqueIdentifier>{e0aaea0e-412e-4570-a655-9f7ed7cda3e8}</UniqueIdentifier>
    </Filter>
    <Filter Include="runtime\input">
      <UniqueIdentifier>{90b93553-82df-4231-9188-ad13c504924b}</UniqueIdentifier>
    </Filter>
    <Filter Include="runtime\server\rendering">
      <UniqueIdentifier>{f49e578e-5ade-43bc-81c4-cf9e26ad56af}</UniqueIdentifier>
    </Filter>
    <Filter Include="runtime\updatable_object\server">
      <UniqueIdentifier>{ff1f273b-fa3c-4568-ac44-524688f03e89}</UniqueIdentifier>
    </Filter>
    <Filter Include="type">
      <UniqueIdentifier>{76af6fc7-7c5b-4e08-af90-08f1fcc50e04}</UniqueIdentifier>
    </Filter>
    <Filter Include="type\event">
      <UniqueIdentifier>{63dd1f2b-7026-40f3-be80-08a31b0d7f8c}</UniqueIdentifier>
    </Filter>
    <Filter Include="type\event\sdl_event">
      <UniqueIdentifier>{48568662-034e-4c3b-bc7f-8d81046f88ea}</UniqueIdentifier>
    </Filter>
    <Filter Include="type\color">
      <UniqueIdentifier>{a267103a-0d5d-4c3f-a783-1bfd1e50202a}</UniqueIdentifier>
    </Filter>
    <Filter Include="type\math">
      <UniqueIdentifier>{d621cbd0-ca36-4ded-a322-bb266fc0b4db}</UniqueIdentifier>
    </Filter>
    <Filter Include="type\math\vector">
      <UniqueIdentifier>{32c472ed-652b-4f4b-845c-b756bad0608e}</UniqueIdentifier>
    </Filter>
    <Filter Include="runtime\updatable_object\playground">
      <UniqueIdentifier>{5d94b901-e60e-43ec-afc5-18c6837d29be}</UniqueIdentifier>
    </Filter>
    <Filter Include="type\math\matrix">
      <UniqueIdentifier>{d723a1f4-ecad-49f3-aaf5-9ffcf83322f5}</UniqueIdentifier>
    </Filter>
    <Filter Include="type\render">
      <UniqueIdentifier>{98791f7b-53b0-4537-a1e6-8bbcf18c7659}</UniqueIdentifier>
    </Filter>
    <Filter Include="type\render\mesh_builder">
      <UniqueIdentifier>{2ab09941-7519-4e88-83ce-76ee3d891c79}</UniqueIdentifier>
    </Filter>
    <Filter Include="type\render\material">
      <UniqueIdentifier>{06aff718-45e8-453c-81d9-72fd475e2903}</UniqueIdentifier>
    </Filter>
    <Filter Include="type\render\material_batch">
      <UniqueIdentifier>{0705ecaf-e11b-4ff0-9c79-eb5fd1e85eaa}</UniqueIdentifier>
    </Filter>
    <Filter Include="type\render\mesh_buffer">
      <UniqueIdentifier>{c9696574-908e-4b34-84b3-dca1769dc9ac}</UniqueIdentifier>
    </Filter>
  </ItemGroup>
  <ItemGroup>
    <ClInclude Include="event.h">
      <Filter>type\event</Filter>
    </ClInclude>
    <ClInclude Include="event_handler.h">
      <Filter>type\event</Filter>
    </ClInclude>
    <ClInclude Include="runtime.h">
      <Filter>runtime</Filter>
    </ClInclude>
    <ClInclude Include="window.h">
      <Filter>runtime\window</Filter>
    </ClInclude>
    <ClInclude Include="input.h">
      <Filter>runtime\input</Filter>
    </ClInclude>
    <ClInclude Include="updatable_object.h">
      <Filter>runtime\updatable_object</Filter>
    </ClInclude>
    <ClInclude Include="updatable_scene.h">
      <Filter>runtime\updatable_object</Filter>
    </ClInclude>
    <ClInclude Include="window_handler_updatable_object.h">
      <Filter>runtime\updatable_object</Filter>
    </ClInclude>
    <ClInclude Include="server.h">
      <Filter>runtime\server</Filter>
    </ClInclude>
    <ClInclude Include="rendering_server.h">
      <Filter>runtime\server\rendering</Filter>
    </ClInclude>
    <ClInclude Include="rendering_server_updatable_object.h">
      <Filter>runtime\updatable_object\server</Filter>
    </ClInclude>
    <ClInclude Include="color.h">
      <Filter>type\color</Filter>
    </ClInclude>
    <ClInclude Include="rendering_server_utility.h">
      <Filter>runtime\server\rendering</Filter>
    </ClInclude>
    <ClInclude Include="mesh_builder.h">
      <Filter>type\render\mesh_builder</Filter>
    </ClInclude>
    <ClInclude Include="mesh_builder_attrib_set.h">
      <Filter>type\render\mesh_builder</Filter>
    </ClInclude>
    <ClInclude Include="vector_2.h">
      <Filter>type\math\vector</Filter>
    </ClInclude>
    <ClInclude Include="mesh_builder_attribute.h">
      <Filter>type\render\mesh_builder</Filter>
    </ClInclude>
    <ClInclude Include="debug_updatable_object.h">
      <Filter>runtime\updatable_object\playground</Filter>
    </ClInclude>
    <ClInclude Include="matrix_4.h">
      <Filter>type\math\matrix</Filter>
    </ClInclude>
    <ClInclude Include="material.h">
      <Filter>type\render\material</Filter>
    </ClInclude>
    <ClInclude Include="material_standard_2d.h">
      <Filter>type\render\material</Filter>
    </ClInclude>
    <ClInclude Include="material_batch.h">
      <Filter>type\render\material_batch</Filter>
    </ClInclude>
    <ClInclude Include="material_batch_standard_2d.h">
      <Filter>type\render\material_batch</Filter>
    </ClInclude>
    <ClInclude Include="mesh_buffer.h">
      <Filter>type\render\mesh_buffer</Filter>
    </ClInclude>
  </ItemGroup>
  <ItemGroup>
    <Text Include="code_structure.txt" />
    <Text Include="about.txt" />
  </ItemGroup>
</Project>