<?xml version="1.0" encoding="utf-8"?>
<Project ToolsVersion="4.0" xmlns="http://schemas.microsoft.com/developer/msbuild/2003">
  <ItemGroup>
    <ClCompile Include="main.cpp" />
    <ClCompile Include="..\..\..\..\..\..\libraries\glad 4.6\src\glad.c" />
    <ClCompile Include="event.cpp">
      <Filter>generic\event</Filter>
    </ClCompile>
    <ClCompile Include="sdl_event_event_handler.h">
      <Filter>generic\event\sdl_event</Filter>
    </ClCompile>
  </ItemGroup>
  <ItemGroup>
    <Filter Include="generic">
      <UniqueIdentifier>{be19b189-4dce-4a36-b41e-7c341188f43c}</UniqueIdentifier>
    </Filter>
    <Filter Include="generic\event">
      <UniqueIdentifier>{63dd1f2b-7026-40f3-be80-08a31b0d7f8c}</UniqueIdentifier>
    </Filter>
    <Filter Include="generic\event\sdl_event">
      <UniqueIdentifier>{48568662-034e-4c3b-bc7f-8d81046f88ea}</UniqueIdentifier>
    </Filter>
  </ItemGroup>
  <ItemGroup>
    <ClInclude Include="event.h">
      <Filter>generic\event</Filter>
    </ClInclude>
    <ClInclude Include="event_handler.h">
      <Filter>generic\event</Filter>
    </ClInclude>
    <ClInclude Include="sdl_event_event.h">
      <Filter>generic\event\sdl_event</Filter>
    </ClInclude>
    <ClInclude Include="window_handler_sdl_event_event.h">
      <Filter>generic\event\sdl_event</Filter>
    </ClInclude>
  </ItemGroup>
  <ItemGroup>
    <Text Include="code_structure.txt" />
  </ItemGroup>
</Project>